// !$*UTF8*$!
{
	archiveVersion = 1;
	classes = {
	};
	objectVersion = 56;
	objects = {

/* Begin PBXBuildFile section */
		BD00E85D2A43C0FC00291E1B /* multipeerTrialApp.swift in Sources */ = {isa = PBXBuildFile; fileRef = BD00E85C2A43C0FC00291E1B /* multipeerTrialApp.swift */; };
		BD00E85F2A43C0FC00291E1B /* ContentView.swift in Sources */ = {isa = PBXBuildFile; fileRef = BD00E85E2A43C0FC00291E1B /* ContentView.swift */; };
		BD00E8612A43C0FD00291E1B /* Assets.xcassets in Resources */ = {isa = PBXBuildFile; fileRef = BD00E8602A43C0FD00291E1B /* Assets.xcassets */; };
		BD00E8642A43C0FD00291E1B /* Preview Assets.xcassets in Resources */ = {isa = PBXBuildFile; fileRef = BD00E8632A43C0FD00291E1B /* Preview Assets.xcassets */; };
		BD00E86C2A43D7A400291E1B /* BuzzerUI.swift in Sources */ = {isa = PBXBuildFile; fileRef = BD00E86B2A43D7A400291E1B /* BuzzerUI.swift */; };
		BD00E86E2A43E01D00291E1B /* BuzzerSound.mp3 in Resources */ = {isa = PBXBuildFile; fileRef = BD00E86D2A43E01D00291E1B /* BuzzerSound.mp3 */; };
		BD00E8702A43E4BD00291E1B /* AudioPlayer.swift in Sources */ = {isa = PBXBuildFile; fileRef = BD00E86F2A43E4BD00291E1B /* AudioPlayer.swift */; };
		BD00E8722A43E51F00291E1B /* HostScreen.swift in Sources */ = {isa = PBXBuildFile; fileRef = BD00E8712A43E51F00291E1B /* HostScreen.swift */; };
		BD00E8742A44913900291E1B /* StartGameView.swift in Sources */ = {isa = PBXBuildFile; fileRef = BD00E8732A44913900291E1B /* StartGameView.swift */; };
		BD00E8762A44C6E700291E1B /* Multipeer.swift in Sources */ = {isa = PBXBuildFile; fileRef = BD00E8752A44C6E700291E1B /* Multipeer.swift */; };
/* End PBXBuildFile section */

/* Begin PBXFileReference section */
		BD00E8592A43C0FC00291E1B /* multipeerTrial.app */ = {isa = PBXFileReference; explicitFileType = wrapper.application; includeInIndex = 0; path = multipeerTrial.app; sourceTree = BUILT_PRODUCTS_DIR; };
		BD00E85C2A43C0FC00291E1B /* multipeerTrialApp.swift */ = {isa = PBXFileReference; lastKnownFileType = sourcecode.swift; path = multipeerTrialApp.swift; sourceTree = "<group>"; };
		BD00E85E2A43C0FC00291E1B /* ContentView.swift */ = {isa = PBXFileReference; lastKnownFileType = sourcecode.swift; path = ContentView.swift; sourceTree = "<group>"; };
		BD00E8602A43C0FD00291E1B /* Assets.xcassets */ = {isa = PBXFileReference; lastKnownFileType = folder.assetcatalog; path = Assets.xcassets; sourceTree = "<group>"; };
		BD00E8632A43C0FD00291E1B /* Preview Assets.xcassets */ = {isa = PBXFileReference; lastKnownFileType = folder.assetcatalog; path = "Preview Assets.xcassets"; sourceTree = "<group>"; };
		BD00E86B2A43D7A400291E1B /* BuzzerUI.swift */ = {isa = PBXFileReference; lastKnownFileType = sourcecode.swift; path = BuzzerUI.swift; sourceTree = "<group>"; };
		BD00E86D2A43E01D00291E1B /* BuzzerSound.mp3 */ = {isa = PBXFileReference; lastKnownFileType = audio.mp3; path = BuzzerSound.mp3; sourceTree = "<group>"; };
		BD00E86F2A43E4BD00291E1B /* AudioPlayer.swift */ = {isa = PBXFileReference; lastKnownFileType = sourcecode.swift; path = AudioPlayer.swift; sourceTree = "<group>"; };
		BD00E8712A43E51F00291E1B /* HostScreen.swift */ = {isa = PBXFileReference; lastKnownFileType = sourcecode.swift; path = HostScreen.swift; sourceTree = "<group>"; };
		BD00E8732A44913900291E1B /* StartGameView.swift */ = {isa = PBXFileReference; lastKnownFileType = sourcecode.swift; path = StartGameView.swift; sourceTree = "<group>"; };
		BD00E8752A44C6E700291E1B /* Multipeer.swift */ = {isa = PBXFileReference; lastKnownFileType = sourcecode.swift; path = Multipeer.swift; sourceTree = "<group>"; };
/* End PBXFileReference section */

/* Begin PBXFrameworksBuildPhase section */
		BD00E8562A43C0FC00291E1B /* Frameworks */ = {
			isa = PBXFrameworksBuildPhase;
			buildActionMask = 2147483647;
			files = (
			);
			runOnlyForDeploymentPostprocessing = 0;
		};
/* End PBXFrameworksBuildPhase section */

/* Begin PBXGroup section */
		BD00E8502A43C0FC00291E1B = {
			isa = PBXGroup;
			children = (
				BD00E85B2A43C0FC00291E1B /* multipeerTrial */,
				BD00E85A2A43C0FC00291E1B /* Products */,
			);
			sourceTree = "<group>";
		};
		BD00E85A2A43C0FC00291E1B /* Products */ = {
			isa = PBXGroup;
			children = (
				BD00E8592A43C0FC00291E1B /* multipeerTrial.app */,
			);
			name = Products;
			sourceTree = "<group>";
		};
		BD00E85B2A43C0FC00291E1B /* multipeerTrial */ = {
			isa = PBXGroup;
			children = (
				BD00E86D2A43E01D00291E1B /* BuzzerSound.mp3 */,
				BD00E85C2A43C0FC00291E1B /* multipeerTrialApp.swift */,
				BD00E85E2A43C0FC00291E1B /* ContentView.swift */,
				BD00E8602A43C0FD00291E1B /* Assets.xcassets */,
				BD00E8622A43C0FD00291E1B /* Preview Content */,
				BD00E86B2A43D7A400291E1B /* BuzzerUI.swift */,
				BD00E86F2A43E4BD00291E1B /* AudioPlayer.swift */,
				BD00E8712A43E51F00291E1B /* HostScreen.swift */,
				BD00E8732A44913900291E1B /* StartGameView.swift */,
				BD00E8752A44C6E700291E1B /* Multipeer.swift */,
			);
			path = multipeerTrial;
			sourceTree = "<group>";
		};
		BD00E8622A43C0FD00291E1B /* Preview Content */ = {
			isa = PBXGroup;
			children = (
				BD00E8632A43C0FD00291E1B /* Preview Assets.xcassets */,
			);
			path = "Preview Content";
			sourceTree = "<group>";
		};
/* End PBXGroup section */

/* Begin PBXNativeTarget section */
		BD00E8582A43C0FC00291E1B /* multipeerTrial */ = {
			isa = PBXNativeTarget;
			buildConfigurationList = BD00E8672A43C0FD00291E1B /* Build configuration list for PBXNativeTarget "multipeerTrial" */;
			buildPhases = (
				BD00E8552A43C0FC00291E1B /* Sources */,
				BD00E8562A43C0FC00291E1B /* Frameworks */,
				BD00E8572A43C0FC00291E1B /* Resources */,
			);
			buildRules = (
			);
			dependencies = (
			);
			name = multipeerTrial;
			productName = multipeerTrial;
			productReference = BD00E8592A43C0FC00291E1B /* multipeerTrial.app */;
			productType = "com.apple.product-type.application";
		};
/* End PBXNativeTarget section */

/* Begin PBXProject section */
		BD00E8512A43C0FC00291E1B /* Project object */ = {
			isa = PBXProject;
			attributes = {
				BuildIndependentTargetsInParallel = 1;
				LastSwiftUpdateCheck = 1420;
				LastUpgradeCheck = 1420;
				TargetAttributes = {
					BD00E8582A43C0FC00291E1B = {
						CreatedOnToolsVersion = 14.2;
					};
				};
			};
			buildConfigurationList = BD00E8542A43C0FC00291E1B /* Build configuration list for PBXProject "multipeerTrial" */;
			compatibilityVersion = "Xcode 14.0";
			developmentRegion = en;
			hasScannedForEncodings = 0;
			knownRegions = (
				en,
				Base,
			);
			mainGroup = BD00E8502A43C0FC00291E1B;
			productRefGroup = BD00E85A2A43C0FC00291E1B /* Products */;
			projectDirPath = "";
			projectRoot = "";
			targets = (
				BD00E8582A43C0FC00291E1B /* multipeerTrial */,
			);
		};
/* End PBXProject section */

/* Begin PBXResourcesBuildPhase section */
		BD00E8572A43C0FC00291E1B /* Resources */ = {
			isa = PBXResourcesBuildPhase;
			buildActionMask = 2147483647;
			files = (
				BD00E8642A43C0FD00291E1B /* Preview Assets.xcassets in Resources */,
				BD00E86E2A43E01D00291E1B /* BuzzerSound.mp3 in Resources */,
				BD00E8612A43C0FD00291E1B /* Assets.xcassets in Resources */,
			);
			runOnlyForDeploymentPostprocessing = 0;
		};
/* End PBXResourcesBuildPhase section */

/* Begin PBXSourcesBuildPhase section */
		BD00E8552A43C0FC00291E1B /* Sources */ = {
			isa = PBXSourcesBuildPhase;
			buildActionMask = 2147483647;
			files = (
				BD00E85F2A43C0FC00291E1B /* ContentView.swift in Sources */,
				BD00E8742A44913900291E1B /* StartGameView.swift in Sources */,
				BD00E86C2A43D7A400291E1B /* BuzzerUI.swift in Sources */,
				BD00E8722A43E51F00291E1B /* HostScreen.swift in Sources */,
				BD00E85D2A43C0FC00291E1B /* multipeerTrialApp.swift in Sources */,
				BD00E8762A44C6E700291E1B /* Multipeer.swift in Sources */,
				BD00E8702A43E4BD00291E1B /* AudioPlayer.swift in Sources */,
			);
			runOnlyForDeploymentPostprocessing = 0;
		};
/* End PBXSourcesBuildPhase section */

/* Begin XCBuildConfiguration section */
		BD00E8652A43C0FD00291E1B /* Debug */ = {
			isa = XCBuildConfiguration;
			buildSettings = {
				ALWAYS_SEARCH_USER_PATHS = NO;
				CLANG_ANALYZER_NONNULL = YES;
				CLANG_ANALYZER_NUMBER_OBJECT_CONVERSION = YES_AGGRESSIVE;
				CLANG_CXX_LANGUAGE_STANDARD = "gnu++20";
				CLANG_ENABLE_MODULES = YES;
				CLANG_ENABLE_OBJC_ARC = YES;
				CLANG_ENABLE_OBJC_WEAK = YES;
				CLANG_WARN_BLOCK_CAPTURE_AUTORELEASING = YES;
				CLANG_WARN_BOOL_CONVERSION = YES;
				CLANG_WARN_COMMA = YES;
				CLANG_WARN_CONSTANT_CONVERSION = YES;
				CLANG_WARN_DEPRECATED_OBJC_IMPLEMENTATIONS = YES;
				CLANG_WARN_DIRECT_OBJC_ISA_USAGE = YES_ERROR;
				CLANG_WARN_DOCUMENTATION_COMMENTS = YES;
				CLANG_WARN_EMPTY_BODY = YES;
				CLANG_WARN_ENUM_CONVERSION = YES;
				CLANG_WARN_INFINITE_RECURSION = YES;
				CLANG_WARN_INT_CONVERSION = YES;
				CLANG_WARN_NON_LITERAL_NULL_CONVERSION = YES;
				CLANG_WARN_OBJC_IMPLICIT_RETAIN_SELF = YES;
				CLANG_WARN_OBJC_LITERAL_CONVERSION = YES;
				CLANG_WARN_OBJC_ROOT_CLASS = YES_ERROR;
				CLANG_WARN_QUOTED_INCLUDE_IN_FRAMEWORK_HEADER = YES;
				CLANG_WARN_RANGE_LOOP_ANALYSIS = YES;
				CLANG_WARN_STRICT_PROTOTYPES = YES;
				CLANG_WARN_SUSPICIOUS_MOVE = YES;
				CLANG_WARN_UNGUARDED_AVAILABILITY = YES_AGGRESSIVE;
				CLANG_WARN_UNREACHABLE_CODE = YES;
				CLANG_WARN__DUPLICATE_METHOD_MATCH = YES;
				COPY_PHASE_STRIP = NO;
				DEBUG_INFORMATION_FORMAT = dwarf;
				ENABLE_STRICT_OBJC_MSGSEND = YES;
				ENABLE_TESTABILITY = YES;
				GCC_C_LANGUAGE_STANDARD = gnu11;
				GCC_DYNAMIC_NO_PIC = NO;
				GCC_NO_COMMON_BLOCKS = YES;
				GCC_OPTIMIZATION_LEVEL = 0;
				GCC_PREPROCESSOR_DEFINITIONS = (
					"DEBUG=1",
					"$(inherited)",
				);
				GCC_WARN_64_TO_32_BIT_CONVERSION = YES;
				GCC_WARN_ABOUT_RETURN_TYPE = YES_ERROR;
				GCC_WARN_UNDECLARED_SELECTOR = YES;
				GCC_WARN_UNINITIALIZED_AUTOS = YES_AGGRESSIVE;
				GCC_WARN_UNUSED_FUNCTION = YES;
				GCC_WARN_UNUSED_VARIABLE = YES;
				IPHONEOS_DEPLOYMENT_TARGET = 16.2;
				MTL_ENABLE_DEBUG_INFO = INCLUDE_SOURCE;
				MTL_FAST_MATH = YES;
				ONLY_ACTIVE_ARCH = YES;
				SDKROOT = iphoneos;
				SWIFT_ACTIVE_COMPILATION_CONDITIONS = DEBUG;
				SWIFT_OPTIMIZATION_LEVEL = "-Onone";
			};
			name = Debug;
		};
		BD00E8662A43C0FD00291E1B /* Release */ = {
			isa = XCBuildConfiguration;
			buildSettings = {
				ALWAYS_SEARCH_USER_PATHS = NO;
				CLANG_ANALYZER_NONNULL = YES;
				CLANG_ANALYZER_NUMBER_OBJECT_CONVERSION = YES_AGGRESSIVE;
				CLANG_CXX_LANGUAGE_STANDARD = "gnu++20";
				CLANG_ENABLE_MODULES = YES;
				CLANG_ENABLE_OBJC_ARC = YES;
				CLANG_ENABLE_OBJC_WEAK = YES;
				CLANG_WARN_BLOCK_CAPTURE_AUTORELEASING = YES;
				CLANG_WARN_BOOL_CONVERSION = YES;
				CLANG_WARN_COMMA = YES;
				CLANG_WARN_CONSTANT_CONVERSION = YES;
				CLANG_WARN_DEPRECATED_OBJC_IMPLEMENTATIONS = YES;
				CLANG_WARN_DIRECT_OBJC_ISA_USAGE = YES_ERROR;
				CLANG_WARN_DOCUMENTATION_COMMENTS = YES;
				CLANG_WARN_EMPTY_BODY = YES;
				CLANG_WARN_ENUM_CONVERSION = YES;
				CLANG_WARN_INFINITE_RECURSION = YES;
				CLANG_WARN_INT_CONVERSION = YES;
				CLANG_WARN_NON_LITERAL_NULL_CONVERSION = YES;
				CLANG_WARN_OBJC_IMPLICIT_RETAIN_SELF = YES;
				CLANG_WARN_OBJC_LITERAL_CONVERSION = YES;
				CLANG_WARN_OBJC_ROOT_CLASS = YES_ERROR;
				CLANG_WARN_QUOTED_INCLUDE_IN_FRAMEWORK_HEADER = YES;
				CLANG_WARN_RANGE_LOOP_ANALYSIS = YES;
				CLANG_WARN_STRICT_PROTOTYPES = YES;
				CLANG_WARN_SUSPICIOUS_MOVE = YES;
				CLANG_WARN_UNGUARDED_AVAILABILITY = YES_AGGRESSIVE;
				CLANG_WARN_UNREACHABLE_CODE = YES;
				CLANG_WARN__DUPLICATE_METHOD_MATCH = YES;
				COPY_PHASE_STRIP = NO;
				DEBUG_INFORMATION_FORMAT = "dwarf-with-dsym";
				ENABLE_NS_ASSERTIONS = NO;
				ENABLE_STRICT_OBJC_MSGSEND = YES;
				GCC_C_LANGUAGE_STANDARD = gnu11;
				GCC_NO_COMMON_BLOCKS = YES;
				GCC_WARN_64_TO_32_BIT_CONVERSION = YES;
				GCC_WARN_ABOUT_RETURN_TYPE = YES_ERROR;
				GCC_WARN_UNDECLARED_SELECTOR = YES;
				GCC_WARN_UNINITIALIZED_AUTOS = YES_AGGRESSIVE;
				GCC_WARN_UNUSED_FUNCTION = YES;
				GCC_WARN_UNUSED_VARIABLE = YES;
				IPHONEOS_DEPLOYMENT_TARGET = 16.2;
				MTL_ENABLE_DEBUG_INFO = NO;
				MTL_FAST_MATH = YES;
				SDKROOT = iphoneos;
				SWIFT_COMPILATION_MODE = wholemodule;
				SWIFT_OPTIMIZATION_LEVEL = "-O";
				VALIDATE_PRODUCT = YES;
			};
			name = Release;
		};
		BD00E8682A43C0FD00291E1B /* Debug */ = {
			isa = XCBuildConfiguration;
			buildSettings = {
				ASSETCATALOG_COMPILER_APPICON_NAME = AppIcon;
				ASSETCATALOG_COMPILER_GLOBAL_ACCENT_COLOR_NAME = AccentColor;
				CODE_SIGN_STYLE = Automatic;
				CURRENT_PROJECT_VERSION = 1;
				DEVELOPMENT_ASSET_PATHS = "\"multipeerTrial/Preview Content\"";
				DEVELOPMENT_TEAM = 7H6244WWCM;
				ENABLE_PREVIEWS = YES;
				GENERATE_INFOPLIST_FILE = YES;
				INFOPLIST_KEY_UIApplicationSceneManifest_Generation = YES;
				INFOPLIST_KEY_UIApplicationSupportsIndirectInputEvents = YES;
				INFOPLIST_KEY_UILaunchScreen_Generation = YES;
				INFOPLIST_KEY_UISupportedInterfaceOrientations_iPad = "UIInterfaceOrientationPortrait UIInterfaceOrientationPortraitUpsideDown UIInterfaceOrientationLandscapeLeft UIInterfaceOrientationLandscapeRight";
				INFOPLIST_KEY_UISupportedInterfaceOrientations_iPhone = "UIInterfaceOrientationPortrait UIInterfaceOrientationLandscapeLeft UIInterfaceOrientationLandscapeRight";
				LD_RUNPATH_SEARCH_PATHS = (
					"$(inherited)",
					"@executable_path/Frameworks",
				);
				MARKETING_VERSION = 1.0;
				PRODUCT_BUNDLE_IDENTIFIER = panchami.com.multipeerTrial;
				PRODUCT_NAME = "$(TARGET_NAME)";
				SWIFT_EMIT_LOC_STRINGS = YES;
				SWIFT_VERSION = 5.0;
				TARGETED_DEVICE_FAMILY = "1,2";
			};
			name = Debug;
		};
		BD00E8692A43C0FD00291E1B /* Release */ = {
			isa = XCBuildConfiguration;
			buildSettings = {
				ASSETCATALOG_COMPILER_APPICON_NAME = AppIcon;
				ASSETCATALOG_COMPILER_GLOBAL_ACCENT_COLOR_NAME = AccentColor;
				CODE_SIGN_STYLE = Automatic;
				CURRENT_PROJECT_VERSION = 1;
				DEVELOPMENT_ASSET_PATHS = "\"multipeerTrial/Preview Content\"";
				DEVELOPMENT_TEAM = 7H6244WWCM;
				ENABLE_PREVIEWS = YES;
				GENERATE_INFOPLIST_FILE = YES;
				INFOPLIST_KEY_UIApplicationSceneManifest_Generation = YES;
				INFOPLIST_KEY_UIApplicationSupportsIndirectInputEvents = YES;
				INFOPLIST_KEY_UILaunchScreen_Generation = YES;
				INFOPLIST_KEY_UISupportedInterfaceOrientations_iPad = "UIInterfaceOrientationPortrait UIInterfaceOrientationPortraitUpsideDown UIInterfaceOrientationLandscapeLeft UIInterfaceOrientationLandscapeRight";
				INFOPLIST_KEY_UISupportedInterfaceOrientations_iPhone = "UIInterfaceOrientationPortrait UIInterfaceOrientationLandscapeLeft UIInterfaceOrientationLandscapeRight";
				LD_RUNPATH_SEARCH_PATHS = (
					"$(inherited)",
					"@executable_path/Frameworks",
				);
				MARKETING_VERSION = 1.0;
				PRODUCT_BUNDLE_IDENTIFIER = panchami.com.multipeerTrial;
				PRODUCT_NAME = "$(TARGET_NAME)";
				SWIFT_EMIT_LOC_STRINGS = YES;
				SWIFT_VERSION = 5.0;
				TARGETED_DEVICE_FAMILY = "1,2";
			};
			name = Release;
		};
/* End XCBuildConfiguration section */

/* Begin XCConfigurationList section */
		BD00E8542A43C0FC00291E1B /* Build configuration list for PBXProject "multipeerTrial" */ = {
			isa = XCConfigurationList;
			buildConfigurations = (
				BD00E8652A43C0FD00291E1B /* Debug */,
				BD00E8662A43C0FD00291E1B /* Release */,
			);
			defaultConfigurationIsVisible = 0;
			defaultConfigurationName = Release;
		};
		BD00E8672A43C0FD00291E1B /* Build configuration list for PBXNativeTarget "multipeerTrial" */ = {
			isa = XCConfigurationList;
			buildConfigurations = (
				BD00E8682A43C0FD00291E1B /* Debug */,
				BD00E8692A43C0FD00291E1B /* Release */,
			);
			defaultConfigurationIsVisible = 0;
			defaultConfigurationName = Release;
		};
/* End XCConfigurationList section */
	};
	rootObject = BD00E8512A43C0FC00291E1B /* Project object */;
}
